
Microsoft Visual Studio Solution File, Format Version 12.00
# Visual Studio Version 16
VisualStudioVersion = 16.0.28729.10
MinimumVisualStudioVersion = 10.0.40219.1
Project("{FAE04EC0-301F-11D3-BF4B-00C04F79EFBC}") = "Demos", "Demos\Demos.csproj", "{1CF01FC0-64C5-43E6-ACF7-DDD56486ECF7}"
EndProject
Project("{FAE04EC0-301F-11D3-BF4B-00C04F79EFBC}") = "Demos.Core", "Demos.Core\Demos.Core.csproj", "{78242832-57BA-442B-B2AF-D2DB9C2031E5}"
EndProject
Global
	GlobalSection(SolutionConfigurationPlatforms) = preSolution
		Debug|Any CPU = Debug|Any CPU
		Release|Any CPU = Release|Any CPU
	EndGlobalSection
	GlobalSection(ProjectConfigurationPlatforms) = postSolution
		{1CF01FC0-64C5-43E6-ACF7-DDD56486ECF7}.Debug|Any CPU.ActiveCfg = Debug|Any CPU
		{1CF01FC0-64C5-43E6-ACF7-DDD56486ECF7}.Debug|Any CPU.Build.0 = Debug|Any CPU
		{1CF01FC0-64C5-43E6-ACF7-DDD56486ECF7}.Release|Any CPU.ActiveCfg = Release|Any CPU
		{1CF01FC0-64C5-43E6-ACF7-DDD56486ECF7}.Release|Any CPU.Build.0 = Release|Any CPU
		{78242832-57BA-442B-B2AF-D2DB9C2031E5}.Debug|Any CPU.ActiveCfg = Debug|Any CPU
		{78242832-57BA-442B-B2AF-D2DB9C2031E5}.Debug|Any CPU.Build.0 = Debug|Any CPU
		{78242832-57BA-442B-B2AF-D2DB9C2031E5}.Release|Any CPU.ActiveCfg = Release|Any CPU
		{78242832-57BA-442B-B2AF-D2DB9C2031E5}.Release|Any CPU.Build.0 = Release|Any CPU
	EndGlobalSection
	GlobalSection(SolutionProperties) = preSolution
		HideSolutionNode = FALSE
	EndGlobalSection
	GlobalSection(ExtensibilityGlobals) = postSolution
		SolutionGuid = {0D80B527-4408-45D5-A931-A5CC91067D7D}
	EndGlobalSection
EndGlobal
